
Microsoft Visual Studio Solution File, Format Version 12.00
# Visual Studio Version 16
VisualStudioVersion = 16.0.31019.35
MinimumVisualStudioVersion = 10.0.40219.1
Project("{FAE04EC0-301F-11D3-BF4B-00C04F79EFBC}") = "ProceduralDungeonTest", "ProceduralDungeonTest\ProceduralDungeonTest.csproj", "{FD0EACFD-A5A1-4C18-A0CD-C79B43FBCDB8}"
EndProject
Project("{FAE04EC0-301F-11D3-BF4B-00C04F79EFBC}") = "PDTDesktop", "PDTDesktop\PDTDesktop.csproj", "{9F6484CA-A942-4E96-9041-57C3B8B6AAD0}"
EndProject
Global
	GlobalSection(SolutionConfigurationPlatforms) = preSolution
		Debug|Any CPU = Debug|Any CPU
		Release|Any CPU = Release|Any CPU
	EndGlobalSection
	GlobalSection(ProjectConfigurationPlatforms) = postSolution
		{FD0EACFD-A5A1-4C18-A0CD-C79B43FBCDB8}.Debug|Any CPU.ActiveCfg = Debug|Any CPU
		{FD0EACFD-A5A1-4C18-A0CD-C79B43FBCDB8}.Debug|Any CPU.Build.0 = Debug|Any CPU
		{FD0EACFD-A5A1-4C18-A0CD-C79B43FBCDB8}.Release|Any CPU.ActiveCfg = Release|Any CPU
		{FD0EACFD-A5A1-4C18-A0CD-C79B43FBCDB8}.Release|Any CPU.Build.0 = Release|Any CPU
		{9F6484CA-A942-4E96-9041-57C3B8B6AAD0}.Debug|Any CPU.ActiveCfg = Debug|Any CPU
		{9F6484CA-A942-4E96-9041-57C3B8B6AAD0}.Debug|Any CPU.Build.0 = Debug|Any CPU
		{9F6484CA-A942-4E96-9041-57C3B8B6AAD0}.Release|Any CPU.ActiveCfg = Release|Any CPU
		{9F6484CA-A942-4E96-9041-57C3B8B6AAD0}.Release|Any CPU.Build.0 = Release|Any CPU
	EndGlobalSection
	GlobalSection(SolutionProperties) = preSolution
		HideSolutionNode = FALSE
	EndGlobalSection
	GlobalSection(ExtensibilityGlobals) = postSolution
		SolutionGuid = {4BDC858D-CB3E-414B-B08A-6255730A5220}
	EndGlobalSection
EndGlobal
